lockfileVersion: '9.0'

settings:
  autoInstallPeers: true
  excludeLinksFromLockfile: false

importers:

  .:
    dependencies:
      clsx:
        specifier: ^2.1.1
        version: 2.1.1
      framer-motion:
        specifier: ^12.42.2
        version: 12.42.2
      tailwind-merge:
        specifier: ^3.6.0
        version: 3.6.0

packages:

  clsx@2.1.1:
    resolution: {integrity: sha512-eYm0QWBtUrBWZWG0d386OGAw16Z995PiOVo2B7bjWSbHedGl5e0ZWaq65kOGgUSNesEIDkB9ISbTg/JK9dhCZA==}
    engines: {node: '>=6'}

  framer-motion@12.42.2:
    resolution: {integrity: sha512-5XY9luDiu0oHfHBjpDthFMh0ES+122w6p/papSJBweMkO8Sn+PW2QaEgRblQBpWFnuvZS5qvarpt/hO2pjGmnw==}
    peerDependencies:
      '@emotion/is-prop-valid': '*'
      react: ^18.0.0 || ^19.0.0
      react-dom: ^18.0.0 || ^19.0.0
    peerDependenciesMeta:
      '@emotion/is-prop-valid':
        optional: true
      react:
        optional: true
      react-dom:
        optional: true

  motion-dom@12.42.2:
    resolution: {integrity: sha512-5gIMWLp/PycBtJRJWRgjxke5n8dlvkSn2DrYW+tr3XcqAZY1xZh6BJyooJXCM8wdfM7wfMjkBJNLge1CKPUIRA==}

  motion-utils@12.39.0:
    resolution: {integrity: sha512-8nadJAJjTtqRkmRF36FoJTrywK9nnFmnPwnSMyxaOCU7GDjN9RTMJIxx9De8ErM+vpPhMccr/6fo5WciyQLnMQ==}

  tailwind-merge@3.6.0:
    resolution: {integrity: sha512-uxL7qAVQriqRQPAyK3pj66VqskWqoZ37PW94jwOTwNfq/z9oyu1V+eqrZqtR2+fCiXdYOZe/Modt8GtvqNzu+w==}

  tslib@2.8.1:
    resolution: {integrity: sha512-oJFu94HQb+KVduSUQL7wnpmqnfmLsOA/nAh6b6EH0wCEoK0/mPeXU6c3wKDV83MkOuHPRHtSXKKU99IBazS/2w==}

snapshots:

  clsx@2.1.1: {}

  framer-motion@12.42.2:
    dependencies:
      motion-dom: 12.42.2
      motion-utils: 12.39.0
      tslib: 2.8.1

  motion-dom@12.42.2:
    dependencies:
      motion-utils: 12.39.0

  motion-utils@12.39.0: {}

  tailwind-merge@3.6.0: {}

  tslib@2.8.1: {}
